<?xml version="1.0" encoding="utf-8"?>
<Project ToolsVersion="4.0" xmlns="http://schemas.microsoft.com/developer/msbuild/2003">
  <ItemGroup>
    <Filter Include="ソース ファイル">
      <UniqueIdentifier>{4FC737F1-C7A5-4376-A066-2A32D752A2FF}</UniqueIdentifier>
      <Extensions>cpp;c;cc;cxx;def;odl;idl;hpj;bat;asm;asmx</Extensions>
    </Filter>
    <Filter Include="ヘッダー ファイル">
      <UniqueIdentifier>{93995380-89BD-4b04-88EB-625FBE52EBFB}</UniqueIdentifier>
      <Extensions>h;hh;hpp;hxx;hm;inl;inc;ipp;xsd</Extensions>
    </Filter>
    <Filter Include="リソース ファイル">
      <UniqueIdentifier>{67DA6AB6-F800-4c08-8B7A-83BB121AAD01}</UniqueIdentifier>
      <Extensions>rc;ico;cur;bmp;dlg;rc2;rct;bin;rgs;gif;jpg;jpeg;jpe;resx;tiff;tif;png;wav;mfcribbon-ms</Extensions>
    </Filter>
    <Filter Include="Scene">
      <UniqueIdentifier>{9be8d1ca-7fcf-436f-8301-9d7941ebd616}</UniqueIdentifier>
    </Filter>
    <Filter Include="Object">
      <UniqueIdentifier>{61043c25-a9aa-476b-9721-54719ea13334}</UniqueIdentifier>
    </Filter>
    <Filter Include="Enemy">
      <UniqueIdentifier>{8044f11f-a2f6-4221-b907-3b44a744790f}</UniqueIdentifier>
    </Filter>
    <Filter Include="Processing">
      <UniqueIdentifier>{56c64b46-2c1f-4d85-a540-2f41a825ebbf}</UniqueIdentifier>
    </Filter>
    <Filter Include="Particle">
      <UniqueIdentifier>{e8087145-63bc-4314-b186-17dbda84586b}</UniqueIdentifier>
    </Filter>
  </ItemGroup>
  <ItemGroup>
    <ClInclude Include="Game.h">
      <Filter>ヘッダー ファイル</Filter>
    </ClInclude>
    <ClInclude Include="Scene\GameScene.h">
      <Filter>Scene</Filter>
    </ClInclude>
    <ClInclude Include="Scene\ResultScene.h">
      <Filter>Scene</Filter>
    </ClInclude>
    <ClInclude Include="Scene\Scene.h">
      <Filter>Scene</Filter>
    </ClInclude>
    <ClInclude Include="Scene\TitleScene.h">
      <Filter>Scene</Filter>
    </ClInclude>
    <ClInclude Include="Camera.h">
      <Filter>ヘッダー ファイル</Filter>
    </ClInclude>
    <ClInclude Include="Player.h">
      <Filter>ヘッダー ファイル</Filter>
    </ClInclude>
    <ClInclude Include="Object\DestroyableObject.h">
      <Filter>Object</Filter>
    </ClInclude>
    <ClInclude Include="Object\ImmortalObject.h">
      <Filter>Object</Filter>
    </ClInclude>
    <ClInclude Include="Object\Obstacle.h">
      <Filter>Object</Filter>
    </ClInclude>
    <ClInclude Include="Object\PredatoryObject.h">
      <Filter>Object</Filter>
    </ClInclude>
    <ClInclude Include="Processing\Collision.h">
      <Filter>Processing</Filter>
    </ClInclude>
    <ClInclude Include="Processing\Geometry.h">
      <Filter>Processing</Filter>
    </ClInclude>
    <ClInclude Include="Processing\Input.h">
      <Filter>Processing</Filter>
    </ClInclude>
    <ClInclude Include="Enemy\Diodon.h">
      <Filter>Enemy</Filter>
    </ClInclude>
    <ClInclude Include="Enemy\Enemy.h">
      <Filter>Enemy</Filter>
    </ClInclude>
    <ClInclude Include="Enemy\Fish.h">
      <Filter>Enemy</Filter>
    </ClInclude>
    <ClInclude Include="Scene\SelectScene.h">
      <Filter>Scene</Filter>
    </ClInclude>
    <ClInclude Include="ResourceManager.h">
      <Filter>ヘッダー ファイル</Filter>
    </ClInclude>
    <ClInclude Include="Enemy\Octopus.h">
      <Filter>Enemy</Filter>
    </ClInclude>
    <ClInclude Include="Particle\AMP.h">
      <Filter>Particle</Filter>
    </ClInclude>
    <ClInclude Include="Particle\Bubble.h">
      <Filter>Particle</Filter>
    </ClInclude>
    <ClInclude Include="Particle\Particle.h">
      <Filter>Particle</Filter>
    </ClInclude>
    <ClInclude Include="Particle\Water.h">
      <Filter>Particle</Filter>
    </ClInclude>
    <ClInclude Include="Enemy\SeaCucumber.h">
      <Filter>Enemy</Filter>
    </ClInclude>
    <ClInclude Include="Stage.h">
      <Filter>ヘッダー ファイル</Filter>
    </ClInclude>
  </ItemGroup>
  <ItemGroup>
    <ClCompile Include="Game.cpp">
      <Filter>ソース ファイル</Filter>
    </ClCompile>
    <ClCompile Include="main.cpp">
      <Filter>ソース ファイル</Filter>
    </ClCompile>
    <ClCompile Include="Scene\GameScene.cpp">
      <Filter>Scene</Filter>
    </ClCompile>
    <ClCompile Include="Scene\ResultScene.cpp">
      <Filter>Scene</Filter>
    </ClCompile>
    <ClCompile Include="Scene\Scene.cpp">
      <Filter>Scene</Filter>
    </ClCompile>
    <ClCompile Include="Scene\TitleScene.cpp">
      <Filter>Scene</Filter>
    </ClCompile>
    <ClCompile Include="Camera.cpp">
      <Filter>ソース ファイル</Filter>
    </ClCompile>
    <ClCompile Include="Player.cpp">
      <Filter>ソース ファイル</Filter>
    </ClCompile>
    <ClCompile Include="Object\DestroyableObject.cpp">
      <Filter>Object</Filter>
    </ClCompile>
    <ClCompile Include="Object\ImmortalObject.cpp">
      <Filter>Object</Filter>
    </ClCompile>
    <ClCompile Include="Object\Obstacle.cpp">
      <Filter>Object</Filter>
    </ClCompile>
    <ClCompile Include="Object\PredatoryObject.cpp">
      <Filter>Object</Filter>
    </ClCompile>
    <ClCompile Include="Processing\Collision.cpp">
      <Filter>Processing</Filter>
    </ClCompile>
    <ClCompile Include="Processing\Geometry.cpp">
      <Filter>Processing</Filter>
    </ClCompile>
    <ClCompile Include="Processing\Input.cpp">
      <Filter>Processing</Filter>
    </ClCompile>
    <ClCompile Include="Enemy\Diodon.cpp">
      <Filter>Enemy</Filter>
    </ClCompile>
    <ClCompile Include="Enemy\Enemy.cpp">
      <Filter>Enemy</Filter>
    </ClCompile>
    <ClCompile Include="Enemy\Fish.cpp">
      <Filter>Enemy</Filter>
    </ClCompile>
    <ClCompile Include="Scene\SelectScene.cpp">
      <Filter>Scene</Filter>
    </ClCompile>
    <ClCompile Include="ResourceManager.cpp">
      <Filter>ソース ファイル</Filter>
    </ClCompile>
    <ClCompile Include="Enemy\Octopus.cpp">
      <Filter>Enemy</Filter>
    </ClCompile>
    <ClCompile Include="Particle\Bubble.cpp">
      <Filter>Particle</Filter>
    </ClCompile>
    <ClCompile Include="Particle.cpp">
      <Filter>Particle</Filter>
    </ClCompile>
    <ClCompile Include="Particle\Water.cpp">
      <Filter>Particle</Filter>
    </ClCompile>
    <ClCompile Include="Enemy\SeaCucumber.cpp">
      <Filter>Enemy</Filter>
    </ClCompile>
    <ClCompile Include="Stage.cpp">
      <Filter>ソース ファイル</Filter>
    </ClCompile>
  </ItemGroup>
</Project>